Microsoft Visual Studio Solution File, Format Version 12.00
# Visual Studio Version 17
VisualStudioVersion = 17.5.2.0
MinimumVisualStudioVersion = 10.0.40219.1
Project("{2150E333-8FDC-42A3-9474-1A3956D46DE8}") = "Arbeit", "Arbeit", "{1BBFD59D-0F89-91E7-44EF-97346852D30B}"
EndProject
Project("{FAE04EC0-301F-11D3-BF4B-00C04F79EFBC}") = "einfuring", "Arbeit\einfuring\einfuring.csproj", "{2F1AE7DA-422C-691D-A4A1-DA891B6660C8}"
EndProject
Global
	GlobalSection(SolutionConfigurationPlatforms) = preSolution
		Debug|Any CPU = Debug|Any CPU
		Release|Any CPU = Release|Any CPU
	EndGlobalSection
	GlobalSection(ProjectConfigurationPlatforms) = postSolution
		{2F1AE7DA-422C-691D-A4A1-DA891B6660C8}.Debug|Any CPU.ActiveCfg = Debug|Any CPU
		{2F1AE7DA-422C-691D-A4A1-DA891B6660C8}.Debug|Any CPU.Build.0 = Debug|Any CPU
		{2F1AE7DA-422C-691D-A4A1-DA891B6660C8}.Release|Any CPU.ActiveCfg = Release|Any CPU
		{2F1AE7DA-422C-691D-A4A1-DA891B6660C8}.Release|Any CPU.Build.0 = Release|Any CPU
	EndGlobalSection
	GlobalSection(SolutionProperties) = preSolution
		HideSolutionNode = FALSE
	EndGlobalSection
	GlobalSection(NestedProjects) = preSolution
		{2F1AE7DA-422C-691D-A4A1-DA891B6660C8} = {1BBFD59D-0F89-91E7-44EF-97346852D30B}
	EndGlobalSection
	GlobalSection(ExtensibilityGlobals) = postSolution
		SolutionGuid = {68C20A7A-6371-4EC5-BF0F-A8DADC7B7B9E}
	EndGlobalSection
EndGlobal
